
Microsoft Visual Studio Solution File, Format Version 12.00
# Visual Studio Version 16
VisualStudioVersion = 16.0.30320.27
MinimumVisualStudioVersion = 10.0.40219.1
Project("{9A19103F-16F7-4668-BE54-9A1E7A4F7556}") = "SLiDS.Storage", "src\SLiDS.Storage.csproj", "{C0DAF88E-6AD3-4997-B6EC-E3E341B7B29B}"
EndProject
Project("{FAE04EC0-301F-11D3-BF4B-00C04F79EFBC}") = "SLiDS.Samples", "samples\SLiDS.Samples.csproj", "{9D29F0B6-55FE-4894-9084-D7AE5D712218}"
EndProject
Global
	GlobalSection(SolutionConfigurationPlatforms) = preSolution
		Debug|Any CPU = Debug|Any CPU
		Release|Any CPU = Release|Any CPU
	EndGlobalSection
	GlobalSection(ProjectConfigurationPlatforms) = postSolution
		{C0DAF88E-6AD3-4997-B6EC-E3E341B7B29B}.Debug|Any CPU.ActiveCfg = Debug|Any CPU
		{C0DAF88E-6AD3-4997-B6EC-E3E341B7B29B}.Debug|Any CPU.Build.0 = Debug|Any CPU
		{C0DAF88E-6AD3-4997-B6EC-E3E341B7B29B}.Release|Any CPU.ActiveCfg = Release|Any CPU
		{C0DAF88E-6AD3-4997-B6EC-E3E341B7B29B}.Release|Any CPU.Build.0 = Release|Any CPU
		{9D29F0B6-55FE-4894-9084-D7AE5D712218}.Debug|Any CPU.ActiveCfg = Debug|Any CPU
		{9D29F0B6-55FE-4894-9084-D7AE5D712218}.Debug|Any CPU.Build.0 = Debug|Any CPU
		{9D29F0B6-55FE-4894-9084-D7AE5D712218}.Release|Any CPU.ActiveCfg = Release|Any CPU
		{9D29F0B6-55FE-4894-9084-D7AE5D712218}.Release|Any CPU.Build.0 = Release|Any CPU
	EndGlobalSection
	GlobalSection(SolutionProperties) = preSolution
		HideSolutionNode = FALSE
	EndGlobalSection
	GlobalSection(ExtensibilityGlobals) = postSolution
		SolutionGuid = {FC385537-D377-439C-A9F0-BEFD044179CE}
	EndGlobalSection
EndGlobal
